
Microsoft Visual Studio Solution File, Format Version 12.00
# Visual Studio 15
VisualStudioVersion = 15.0.27019.1
MinimumVisualStudioVersion = 10.0.40219.1
Project("{9A19103F-16F7-4668-BE54-9A1E7A4F7556}") = "Minutes", "Minutes\Minutes\Minutes.csproj", "{4EA58CCF-F76F-4E51-8406-8BEF55F17A20}"
EndProject
Project("{FAE04EC0-301F-11D3-BF4B-00C04F79EFBC}") = "Minutes.iOS", "Minutes\Minutes.iOS\Minutes.iOS.csproj", "{035A68F3-9C9E-438E-98F1-28A5FE80B838}"
EndProject
Project("{FAE04EC0-301F-11D3-BF4B-00C04F79EFBC}") = "Minutes.Android", "Minutes\Minutes.Android\Minutes.Android.csproj", "{7DE31F2E-A2F5-4D14-8653-EAF6DD31EA2D}"
EndProject
Project("{FAE04EC0-301F-11D3-BF4B-00C04F79EFBC}") = "Minutes.UWP", "Minutes\Minutes.UWP\Minutes.UWP.csproj", "{CD6EE30B-A26B-4D78-86CC-A9DA0092E479}"
EndProject
Global
	GlobalSection(SolutionConfigurationPlatforms) = preSolution
		Ad-Hoc|Any CPU = Ad-Hoc|Any CPU
		Ad-Hoc|ARM = Ad-Hoc|ARM
		Ad-Hoc|iPhone = Ad-Hoc|iPhone
		Ad-Hoc|iPhoneSimulator = Ad-Hoc|iPhoneSimulator
		Ad-Hoc|x64 = Ad-Hoc|x64
		Ad-Hoc|x86 = Ad-Hoc|x86
		AppStore|Any CPU = AppStore|Any CPU
		AppStore|ARM = AppStore|ARM
		AppStore|iPhone = AppStore|iPhone
		AppStore|iPhoneSimulator = AppStore|iPhoneSimulator
		AppStore|x64 = AppStore|x64
		AppStore|x86 = AppStore|x86
		Debug|Any CPU = Debug|Any CPU
		Debug|ARM = Debug|ARM
		Debug|iPhone = Debug|iPhone
		Debug|iPhoneSimulator = Debug|iPhoneSimulator
		Debug|x64 = Debug|x64
		Debug|x86 = Debug|x86
		Release|Any CPU = Release|Any CPU
		Release|ARM = Release|ARM
		Release|iPhone = Release|iPhone
		Release|iPhoneSimulator = Release|iPhoneSimulator
		Release|x64 = Release|x64
		Release|x86 = Release|x86
	EndGlobalSection
	GlobalSection(ProjectConfigurationPlatforms) = postSolution
		{4EA58CCF-F76F-4E51-8406-8BEF55F17A20}.Ad-Hoc|Any CPU.ActiveCfg = Debug|Any CPU
		{4EA58CCF-F76F-4E51-8406-8BEF55F17A20}.Ad-Hoc|Any CPU.Build.0 = Debug|Any CPU
		{4EA58CCF-F76F-4E51-8406-8BEF55F17A20}.Ad-Hoc|ARM.ActiveCfg = Debug|Any CPU
		{4EA58CCF-F76F-4E51-8406-8BEF55F17A20}.Ad-Hoc|ARM.Build.0 = Debug|Any CPU
		{4EA58CCF-F76F-4E51-8406-8BEF55F17A20}.Ad-Hoc|iPhone.ActiveCfg = Debug|Any CPU
		{4EA58CCF-F76F-4E51-8406-8BEF55F17A20}.Ad-Hoc|iPhone.Build.0 = Debug|Any CPU
		{4EA58CCF-F76F-4E51-8406-8BEF55F17A20}.Ad-Hoc|iPhoneSimulator.ActiveCfg = Debug|Any CPU
		{4EA58CCF-F76F-4E51-8406-8BEF55F17A20}.Ad-Hoc|iPhoneSimulator.Build.0 = Debug|Any CPU
		{4EA58CCF-F76F-4E51-8406-8BEF55F17A20}.Ad-Hoc|x64.ActiveCfg = Debug|Any CPU
		{4EA58CCF-F76F-4E51-8406-8BEF55F17A20}.Ad-Hoc|x64.Build.0 = Debug|Any CPU
		{4EA58CCF-F76F-4E51-8406-8BEF55F17A20}.Ad-Hoc|x86.ActiveCfg = Debug|Any CPU
		{4EA58CCF-F76F-4E51-8406-8BEF55F17A20}.Ad-Hoc|x86.Build.0 = Debug|Any CPU
		{4EA58CCF-F76F-4E51-8406-8BEF55F17A20}.AppStore|Any CPU.ActiveCfg = Debug|Any CPU
		{4EA58CCF-F76F-4E51-8406-8BEF55F17A20}.AppStore|Any CPU.Build.0 = Debug|Any CPU
		{4EA58CCF-F76F-4E51-8406-8BEF55F17A20}.AppStore|ARM.ActiveCfg = Debug|Any CPU
		{4EA58CCF-F76F-4E51-8406-8BEF55F17A20}.AppStore|ARM.Build.0 = Debug|Any CPU
		{4EA58CCF-F76F-4E51-8406-8BEF55F17A20}.AppStore|iPhone.ActiveCfg = Debug|Any CPU
		{4EA58CCF-F76F-4E51-8406-8BEF55F17A20}.AppStore|iPhone.Build.0 = Debug|Any CPU
		{4EA58CCF-F76F-4E51-8406-8BEF55F17A20}.AppStore|iPhoneSimulator.ActiveCfg = Debug|Any CPU
		{4EA58CCF-F76F-4E51-8406-8BEF55F17A20}.AppStore|iPhoneSimulator.Build.0 = Debug|Any CPU
		{4EA58CCF-F76F-4E51-8406-8BEF55F17A20}.AppStore|x64.ActiveCfg = Debug|Any CPU
		{4EA58CCF-F76F-4E51-8406-8BEF55F17A20}.AppStore|x64.Build.0 = Debug|Any CPU
		{4EA58CCF-F76F-4E51-8406-8BEF55F17A20}.AppStore|x86.ActiveCfg = Debug|Any CPU
		{4EA58CCF-F76F-4E51-8406-8BEF55F17A20}.AppStore|x86.Build.0 = Debug|Any CPU
		{4EA58CCF-F76F-4E51-8406-8BEF55F17A20}.Debug|Any CPU.ActiveCfg = Debug|Any CPU
		{4EA58CCF-F76F-4E51-8406-8BEF55F17A20}.Debug|Any CPU.Build.0 = Debug|Any CPU
		{4EA58CCF-F76F-4E51-8406-8BEF55F17A20}.Debug|ARM.ActiveCfg = Debug|Any CPU
		{4EA58CCF-F76F-4E51-8406-8BEF55F17A20}.Debug|ARM.Build.0 = Debug|Any CPU
		{4EA58CCF-F76F-4E51-8406-8BEF55F17A20}.Debug|iPhone.ActiveCfg = Debug|Any CPU
		{4EA58CCF-F76F-4E51-8406-8BEF55F17A20}.Debug|iPhone.Build.0 = Debug|Any CPU
		{4EA58CCF-F76F-4E51-8406-8BEF55F17A20}.Debug|iPhoneSimulator.ActiveCfg = Debug|Any CPU
		{4EA58CCF-F76F-4E51-8406-8BEF55F17A20}.Debug|iPhoneSimulator.Build.0 = Debug|Any CPU
		{4EA58CCF-F76F-4E51-8406-8BEF55F17A20}.Debug|x64.ActiveCfg = Debug|Any CPU
		{4EA58CCF-F76F-4E51-8406-8BEF55F17A20}.Debug|x64.Build.0 = Debug|Any CPU
		{4EA58CCF-F76F-4E51-8406-8BEF55F17A20}.Debug|x86.ActiveCfg = Debug|Any CPU
		{4EA58CCF-F76F-4E51-8406-8BEF55F17A20}.Debug|x86.Build.0 = Debug|Any CPU
		{4EA58CCF-F76F-4E51-8406-8BEF55F17A20}.Release|Any CPU.ActiveCfg = Release|Any CPU
		{4EA58CCF-F76F-4E51-8406-8BEF55F17A20}.Release|Any CPU.Build.0 = Release|Any CPU
		{4EA58CCF-F76F-4E51-8406-8BEF55F17A20}.Release|ARM.ActiveCfg = Release|Any CPU
		{4EA58CCF-F76F-4E51-8406-8BEF55F17A20}.Release|ARM.Build.0 = Release|Any CPU
		{4EA58CCF-F76F-4E51-8406-8BEF55F17A20}.Release|iPhone.ActiveCfg = Release|Any CPU
		{4EA58CCF-F76F-4E51-8406-8BEF55F17A20}.Release|iPhone.Build.0 = Release|Any CPU
		{4EA58CCF-F76F-4E51-8406-8BEF55F17A20}.Release|iPhoneSimulator.ActiveCfg = Release|Any CPU
		{4EA58CCF-F76F-4E51-8406-8BEF55F17A20}.Release|iPhoneSimulator.Build.0 = Release|Any CPU
		{4EA58CCF-F76F-4E51-8406-8BEF55F17A20}.Release|x64.ActiveCfg = Release|Any CPU
		{4EA58CCF-F76F-4E51-8406-8BEF55F17A20}.Release|x64.Build.0 = Release|Any CPU
		{4EA58CCF-F76F-4E51-8406-8BEF55F17A20}.Release|x86.ActiveCfg = Release|Any CPU
		{4EA58CCF-F76F-4E51-8406-8BEF55F17A20}.Release|x86.Build.0 = Release|Any CPU
		{035A68F3-9C9E-438E-98F1-28A5FE80B838}.Ad-Hoc|Any CPU.ActiveCfg = Ad-Hoc|iPhone
		{035A68F3-9C9E-438E-98F1-28A5FE80B838}.Ad-Hoc|ARM.ActiveCfg = Ad-Hoc|iPhone
		{035A68F3-9C9E-438E-98F1-28A5FE80B838}.Ad-Hoc|iPhone.ActiveCfg = Ad-Hoc|iPhone
		{035A68F3-9C9E-438E-98F1-28A5FE80B838}.Ad-Hoc|iPhone.Build.0 = Ad-Hoc|iPhone
		{035A68F3-9C9E-438E-98F1-28A5FE80B838}.Ad-Hoc|iPhoneSimulator.ActiveCfg = Ad-Hoc|iPhoneSimulator
		{035A68F3-9C9E-438E-98F1-28A5FE80B838}.Ad-Hoc|iPhoneSimulator.Build.0 = Ad-Hoc|iPhoneSimulator
		{035A68F3-9C9E-438E-98F1-28A5FE80B838}.Ad-Hoc|x64.ActiveCfg = Ad-Hoc|iPhone
		{035A68F3-9C9E-438E-98F1-28A5FE80B838}.Ad-Hoc|x86.ActiveCfg = Ad-Hoc|iPhone
		{035A68F3-9C9E-438E-98F1-28A5FE80B838}.AppStore|Any CPU.ActiveCfg = AppStore|iPhone
		{035A68F3-9C9E-438E-98F1-28A5FE80B838}.AppStore|ARM.ActiveCfg = AppStore|iPhone
		{035A68F3-9C9E-438E-98F1-28A5FE80B838}.AppStore|iPhone.ActiveCfg = AppStore|iPhone
		{035A68F3-9C9E-438E-98F1-28A5FE80B838}.AppStore|iPhone.Build.0 = AppStore|iPhone
		{035A68F3-9C9E-438E-98F1-28A5FE80B838}.AppStore|iPhoneSimulator.ActiveCfg = AppStore|iPhoneSimulator
		{035A68F3-9C9E-438E-98F1-28A5FE80B838}.AppStore|iPhoneSimulator.Build.0 = AppStore|iPhoneSimulator
		{035A68F3-9C9E-438E-98F1-28A5FE80B838}.AppStore|x64.ActiveCfg = AppStore|iPhone
		{035A68F3-9C9E-438E-98F1-28A5FE80B838}.AppStore|x86.ActiveCfg = AppStore|iPhone
		{035A68F3-9C9E-438E-98F1-28A5FE80B838}.Debug|Any CPU.ActiveCfg = Debug|iPhone
		{035A68F3-9C9E-438E-98F1-28A5FE80B838}.Debug|ARM.ActiveCfg = Debug|iPhone
		{035A68F3-9C9E-438E-98F1-28A5FE80B838}.Debug|iPhone.ActiveCfg = Debug|iPhone
		{035A68F3-9C9E-438E-98F1-28A5FE80B838}.Debug|iPhone.Build.0 = Debug|iPhone
		{035A68F3-9C9E-438E-98F1-28A5FE80B838}.Debug|iPhoneSimulator.ActiveCfg = Debug|iPhoneSimulator
		{035A68F3-9C9E-438E-98F1-28A5FE80B838}.Debug|iPhoneSimulator.Build.0 = Debug|iPhoneSimulator
		{035A68F3-9C9E-438E-98F1-28A5FE80B838}.Debug|x64.ActiveCfg = Debug|iPhone
		{035A68F3-9C9E-438E-98F1-28A5FE80B838}.Debug|x86.ActiveCfg = Debug|iPhone
		{035A68F3-9C9E-438E-98F1-28A5FE80B838}.Release|Any CPU.ActiveCfg = Release|iPhone
		{035A68F3-9C9E-438E-98F1-28A5FE80B838}.Release|ARM.ActiveCfg = Release|iPhone
		{035A68F3-9C9E-438E-98F1-28A5FE80B838}.Release|iPhone.ActiveCfg = Release|iPhone
		{035A68F3-9C9E-438E-98F1-28A5FE80B838}.Release|iPhone.Build.0 = Release|iPhone
		{035A68F3-9C9E-438E-98F1-28A5FE80B838}.Release|iPhoneSimulator.ActiveCfg = Release|iPhoneSimulator
		{035A68F3-9C9E-438E-98F1-28A5FE80B838}.Release|iPhoneSimulator.Build.0 = Release|iPhoneSimulator
		{035A68F3-9C9E-438E-98F1-28A5FE80B838}.Release|x64.ActiveCfg = Release|iPhone
		{035A68F3-9C9E-438E-98F1-28A5FE80B838}.Release|x86.ActiveCfg = Release|iPhone
		{7DE31F2E-A2F5-4D14-8653-EAF6DD31EA2D}.Ad-Hoc|Any CPU.ActiveCfg = Release|Any CPU
		{7DE31F2E-A2F5-4D14-8653-EAF6DD31EA2D}.Ad-Hoc|Any CPU.Build.0 = Release|Any CPU
		{7DE31F2E-A2F5-4D14-8653-EAF6DD31EA2D}.Ad-Hoc|Any CPU.Deploy.0 = Release|Any CPU
		{7DE31F2E-A2F5-4D14-8653-EAF6DD31EA2D}.Ad-Hoc|ARM.ActiveCfg = Release|Any CPU
		{7DE31F2E-A2F5-4D14-8653-EAF6DD31EA2D}.Ad-Hoc|ARM.Build.0 = Release|Any CPU
		{7DE31F2E-A2F5-4D14-8653-EAF6DD31EA2D}.Ad-Hoc|ARM.Deploy.0 = Release|Any CPU
		{7DE31F2E-A2F5-4D14-8653-EAF6DD31EA2D}.Ad-Hoc|iPhone.ActiveCfg = Release|Any CPU
		{7DE31F2E-A2F5-4D14-8653-EAF6DD31EA2D}.Ad-Hoc|iPhone.Build.0 = Release|Any CPU
		{7DE31F2E-A2F5-4D14-8653-EAF6DD31EA2D}.Ad-Hoc|iPhone.Deploy.0 = Release|Any CPU
		{7DE31F2E-A2F5-4D14-8653-EAF6DD31EA2D}.Ad-Hoc|iPhoneSimulator.ActiveCfg = Release|Any CPU
		{7DE31F2E-A2F5-4D14-8653-EAF6DD31EA2D}.Ad-Hoc|iPhoneSimulator.Build.0 = Release|Any CPU
		{7DE31F2E-A2F5-4D14-8653-EAF6DD31EA2D}.Ad-Hoc|iPhoneSimulator.Deploy.0 = Release|Any CPU
		{7DE31F2E-A2F5-4D14-8653-EAF6DD31EA2D}.Ad-Hoc|x64.ActiveCfg = Release|Any CPU
		{7DE31F2E-A2F5-4D14-8653-EAF6DD31EA2D}.Ad-Hoc|x64.Build.0 = Release|Any CPU
		{7DE31F2E-A2F5-4D14-8653-EAF6DD31EA2D}.Ad-Hoc|x64.Deploy.0 = Release|Any CPU
		{7DE31F2E-A2F5-4D14-8653-EAF6DD31EA2D}.Ad-Hoc|x86.ActiveCfg = Release|Any CPU
		{7DE31F2E-A2F5-4D14-8653-EAF6DD31EA2D}.Ad-Hoc|x86.Build.0 = Release|Any CPU
		{7DE31F2E-A2F5-4D14-8653-EAF6DD31EA2D}.Ad-Hoc|x86.Deploy.0 = Release|Any CPU
		{7DE31F2E-A2F5-4D14-8653-EAF6DD31EA2D}.AppStore|Any CPU.ActiveCfg = Release|Any CPU
		{7DE31F2E-A2F5-4D14-8653-EAF6DD31EA2D}.AppStore|Any CPU.Build.0 = Release|Any CPU
		{7DE31F2E-A2F5-4D14-8653-EAF6DD31EA2D}.AppStore|Any CPU.Deploy.0 = Release|Any CPU
		{7DE31F2E-A2F5-4D14-8653-EAF6DD31EA2D}.AppStore|ARM.ActiveCfg = Release|Any CPU
		{7DE31F2E-A2F5-4D14-8653-EAF6DD31EA2D}.AppStore|ARM.Build.0 = Release|Any CPU
		{7DE31F2E-A2F5-4D14-8653-EAF6DD31EA2D}.AppStore|ARM.Deploy.0 = Release|Any CPU
		{7DE31F2E-A2F5-4D14-8653-EAF6DD31EA2D}.AppStore|iPhone.ActiveCfg = Release|Any CPU
		{7DE31F2E-A2F5-4D14-8653-EAF6DD31EA2D}.AppStore|iPhone.Build.0 = Release|Any CPU
		{7DE31F2E-A2F5-4D14-8653-EAF6DD31EA2D}.AppStore|iPhone.Deploy.0 = Release|Any CPU
		{7DE31F2E-A2F5-4D14-8653-EAF6DD31EA2D}.AppStore|iPhoneSimulator.ActiveCfg = Release|Any CPU
		{7DE31F2E-A2F5-4D14-8653-EAF6DD31EA2D}.AppStore|iPhoneSimulator.Build.0 = Release|Any CPU
		{7DE31F2E-A2F5-4D14-8653-EAF6DD31EA2D}.AppStore|iPhoneSimulator.Deploy.0 = Release|Any CPU
		{7DE31F2E-A2F5-4D14-8653-EAF6DD31EA2D}.AppStore|x64.ActiveCfg = Release|Any CPU
		{7DE31F2E-A2F5-4D14-8653-EAF6DD31EA2D}.AppStore|x64.Build.0 = Release|Any CPU
		{7DE31F2E-A2F5-4D14-8653-EAF6DD31EA2D}.AppStore|x64.Deploy.0 = Release|Any CPU
		{7DE31F2E-A2F5-4D14-8653-EAF6DD31EA2D}.AppStore|x86.ActiveCfg = Release|Any CPU
		{7DE31F2E-A2F5-4D14-8653-EAF6DD31EA2D}.AppStore|x86.Build.0 = Release|Any CPU
		{7DE31F2E-A2F5-4D14-8653-EAF6DD31EA2D}.AppStore|x86.Deploy.0 = Release|Any CPU
		{7DE31F2E-A2F5-4D14-8653-EAF6DD31EA2D}.Debug|Any CPU.ActiveCfg = Debug|Any CPU
		{7DE31F2E-A2F5-4D14-8653-EAF6DD31EA2D}.Debug|Any CPU.Build.0 = Debug|Any CPU
		{7DE31F2E-A2F5-4D14-8653-EAF6DD31EA2D}.Debug|Any CPU.Deploy.0 = Debug|Any CPU
		{7DE31F2E-A2F5-4D14-8653-EAF6DD31EA2D}.Debug|ARM.ActiveCfg = Debug|Any CPU
		{7DE31F2E-A2F5-4D14-8653-EAF6DD31EA2D}.Debug|ARM.Build.0 = Debug|Any CPU
		{7DE31F2E-A2F5-4D14-8653-EAF6DD31EA2D}.Debug|ARM.Deploy.0 = Debug|Any CPU
		{7DE31F2E-A2F5-4D14-8653-EAF6DD31EA2D}.Debug|iPhone.ActiveCfg = Debug|Any CPU
		{7DE31F2E-A2F5-4D14-8653-EAF6DD31EA2D}.Debug|iPhone.Build.0 = Debug|Any CPU
		{7DE31F2E-A2F5-4D14-8653-EAF6DD31EA2D}.Debug|iPhone.Deploy.0 = Debug|Any CPU
		{7DE31F2E-A2F5-4D14-8653-EAF6DD31EA2D}.Debug|iPhoneSimulator.ActiveCfg = Debug|Any CPU
		{7DE31F2E-A2F5-4D14-8653-EAF6DD31EA2D}.Debug|iPhoneSimulator.Build.0 = Debug|Any CPU
		{7DE31F2E-A2F5-4D14-8653-EAF6DD31EA2D}.Debug|iPhoneSimulator.Deploy.0 = Debug|Any CPU
		{7DE31F2E-A2F5-4D14-8653-EAF6DD31EA2D}.Debug|x64.ActiveCfg = Debug|Any CPU
		{7DE31F2E-A2F5-4D14-8653-EAF6DD31EA2D}.Debug|x64.Build.0 = Debug|Any CPU
		{7DE31F2E-A2F5-4D14-8653-EAF6DD31EA2D}.Debug|x64.Deploy.0 = Debug|Any CPU
		{7DE31F2E-A2F5-4D14-8653-EAF6DD31EA2D}.Debug|x86.ActiveCfg = Debug|Any CPU
		{7DE31F2E-A2F5-4D14-8653-EAF6DD31EA2D}.Debug|x86.Build.0 = Debug|Any CPU
		{7DE31F2E-A2F5-4D14-8653-EAF6DD31EA2D}.Debug|x86.Deploy.0 = Debug|Any CPU
		{7DE31F2E-A2F5-4D14-8653-EAF6DD31EA2D}.Release|Any CPU.ActiveCfg = Release|Any CPU
		{7DE31F2E-A2F5-4D14-8653-EAF6DD31EA2D}.Release|Any CPU.Build.0 = Release|Any CPU
		{7DE31F2E-A2F5-4D14-8653-EAF6DD31EA2D}.Release|Any CPU.Deploy.0 = Release|Any CPU
		{7DE31F2E-A2F5-4D14-8653-EAF6DD31EA2D}.Release|ARM.ActiveCfg = Release|Any CPU
		{7DE31F2E-A2F5-4D14-8653-EAF6DD31EA2D}.Release|ARM.Build.0 = Release|Any CPU
		{7DE31F2E-A2F5-4D14-8653-EAF6DD31EA2D}.Release|ARM.Deploy.0 = Release|Any CPU
		{7DE31F2E-A2F5-4D14-8653-EAF6DD31EA2D}.Release|iPhone.ActiveCfg = Release|Any CPU
		{7DE31F2E-A2F5-4D14-8653-EAF6DD31EA2D}.Release|iPhone.Build.0 = Release|Any CPU
		{7DE31F2E-A2F5-4D14-8653-EAF6DD31EA2D}.Release|iPhone.Deploy.0 = Release|Any CPU
		{7DE31F2E-A2F5-4D14-8653-EAF6DD31EA2D}.Release|iPhoneSimulator.ActiveCfg = Release|Any CPU
		{7DE31F2E-A2F5-4D14-8653-EAF6DD31EA2D}.Release|iPhoneSimulator.Build.0 = Release|Any CPU
		{7DE31F2E-A2F5-4D14-8653-EAF6DD31EA2D}.Release|iPhoneSimulator.Deploy.0 = Release|Any CPU
		{7DE31F2E-A2F5-4D14-8653-EAF6DD31EA2D}.Release|x64.ActiveCfg = Release|Any CPU
		{7DE31F2E-A2F5-4D14-8653-EAF6DD31EA2D}.Release|x64.Build.0 = Release|Any CPU
		{7DE31F2E-A2F5-4D14-8653-EAF6DD31EA2D}.Release|x64.Deploy.0 = Release|Any CPU
		{7DE31F2E-A2F5-4D14-8653-EAF6DD31EA2D}.Release|x86.ActiveCfg = Release|Any CPU
		{7DE31F2E-A2F5-4D14-8653-EAF6DD31EA2D}.Release|x86.Build.0 = Release|Any CPU
		{7DE31F2E-A2F5-4D14-8653-EAF6DD31EA2D}.Release|x86.Deploy.0 = Release|Any CPU
		{CD6EE30B-A26B-4D78-86CC-A9DA0092E479}.Ad-Hoc|Any CPU.ActiveCfg = Release|x86
		{CD6EE30B-A26B-4D78-86CC-A9DA0092E479}.Ad-Hoc|Any CPU.Build.0 = Release|x86
		{CD6EE30B-A26B-4D78-86CC-A9DA0092E479}.Ad-Hoc|Any CPU.Deploy.0 = Release|x86
		{CD6EE30B-A26B-4D78-86CC-A9DA0092E479}.Ad-Hoc|ARM.ActiveCfg = Release|ARM
		{CD6EE30B-A26B-4D78-86CC-A9DA0092E479}.Ad-Hoc|ARM.Build.0 = Release|ARM
		{CD6EE30B-A26B-4D78-86CC-A9DA0092E479}.Ad-Hoc|ARM.Deploy.0 = Release|ARM
		{CD6EE30B-A26B-4D78-86CC-A9DA0092E479}.Ad-Hoc|iPhone.ActiveCfg = Release|x86
		{CD6EE30B-A26B-4D78-86CC-A9DA0092E479}.Ad-Hoc|iPhone.Build.0 = Release|x86
		{CD6EE30B-A26B-4D78-86CC-A9DA0092E479}.Ad-Hoc|iPhone.Deploy.0 = Release|x86
		{CD6EE30B-A26B-4D78-86CC-A9DA0092E479}.Ad-Hoc|iPhoneSimulator.ActiveCfg = Release|x86
		{CD6EE30B-A26B-4D78-86CC-A9DA0092E479}.Ad-Hoc|iPhoneSimulator.Build.0 = Release|x86
		{CD6EE30B-A26B-4D78-86CC-A9DA0092E479}.Ad-Hoc|iPhoneSimulator.Deploy.0 = Release|x86
		{CD6EE30B-A26B-4D78-86CC-A9DA0092E479}.Ad-Hoc|x64.ActiveCfg = Release|x64
		{CD6EE30B-A26B-4D78-86CC-A9DA0092E479}.Ad-Hoc|x64.Build.0 = Release|x64
		{CD6EE30B-A26B-4D78-86CC-A9DA0092E479}.Ad-Hoc|x64.Deploy.0 = Release|x64
		{CD6EE30B-A26B-4D78-86CC-A9DA0092E479}.Ad-Hoc|x86.ActiveCfg = Release|x86
		{CD6EE30B-A26B-4D78-86CC-A9DA0092E479}.Ad-Hoc|x86.Build.0 = Release|x86
		{CD6EE30B-A26B-4D78-86CC-A9DA0092E479}.Ad-Hoc|x86.Deploy.0 = Release|x86
		{CD6EE30B-A26B-4D78-86CC-A9DA0092E479}.AppStore|Any CPU.ActiveCfg = Release|x86
		{CD6EE30B-A26B-4D78-86CC-A9DA0092E479}.AppStore|Any CPU.Build.0 = Release|x86
		{CD6EE30B-A26B-4D78-86CC-A9DA0092E479}.AppStore|Any CPU.Deploy.0 = Release|x86
		{CD6EE30B-A26B-4D78-86CC-A9DA0092E479}.AppStore|ARM.ActiveCfg = Release|ARM
		{CD6EE30B-A26B-4D78-86CC-A9DA0092E479}.AppStore|ARM.Build.0 = Release|ARM
		{CD6EE30B-A26B-4D78-86CC-A9DA0092E479}.AppStore|ARM.Deploy.0 = Release|ARM
		{CD6EE30B-A26B-4D78-86CC-A9DA0092E479}.AppStore|iPhone.ActiveCfg = Release|x86
		{CD6EE30B-A26B-4D78-86CC-A9DA0092E479}.AppStore|iPhone.Build.0 = Release|x86
		{CD6EE30B-A26B-4D78-86CC-A9DA0092E479}.AppStore|iPhone.Deploy.0 = Release|x86
		{CD6EE30B-A26B-4D78-86CC-A9DA0092E479}.AppStore|iPhoneSimulator.ActiveCfg = Release|x86
		{CD6EE30B-A26B-4D78-86CC-A9DA0092E479}.AppStore|iPhoneSimulator.Build.0 = Release|x86
		{CD6EE30B-A26B-4D78-86CC-A9DA0092E479}.AppStore|iPhoneSimulator.Deploy.0 = Release|x86
		{CD6EE30B-A26B-4D78-86CC-A9DA0092E479}.AppStore|x64.ActiveCfg = Release|x64
		{CD6EE30B-A26B-4D78-86CC-A9DA0092E479}.AppStore|x64.Build.0 = Release|x64
		{CD6EE30B-A26B-4D78-86CC-A9DA0092E479}.AppStore|x64.Deploy.0 = Release|x64
		{CD6EE30B-A26B-4D78-86CC-A9DA0092E479}.AppStore|x86.ActiveCfg = Release|x86
		{CD6EE30B-A26B-4D78-86CC-A9DA0092E479}.AppStore|x86.Build.0 = Release|x86
		{CD6EE30B-A26B-4D78-86CC-A9DA0092E479}.AppStore|x86.Deploy.0 = Release|x86
		{CD6EE30B-A26B-4D78-86CC-A9DA0092E479}.Debug|Any CPU.ActiveCfg = Debug|x86
		{CD6EE30B-A26B-4D78-86CC-A9DA0092E479}.Debug|ARM.ActiveCfg = Debug|ARM
		{CD6EE30B-A26B-4D78-86CC-A9DA0092E479}.Debug|ARM.Build.0 = Debug|ARM
		{CD6EE30B-A26B-4D78-86CC-A9DA0092E479}.Debug|ARM.Deploy.0 = Debug|ARM
		{CD6EE30B-A26B-4D78-86CC-A9DA0092E479}.Debug|iPhone.ActiveCfg = Debug|x86
		{CD6EE30B-A26B-4D78-86CC-A9DA0092E479}.Debug|iPhoneSimulator.ActiveCfg = Debug|x86
		{CD6EE30B-A26B-4D78-86CC-A9DA0092E479}.Debug|x64.ActiveCfg = Debug|x64
		{CD6EE30B-A26B-4D78-86CC-A9DA0092E479}.Debug|x64.Build.0 = Debug|x64
		{CD6EE30B-A26B-4D78-86CC-A9DA0092E479}.Debug|x64.Deploy.0 = Debug|x64
		{CD6EE30B-A26B-4D78-86CC-A9DA0092E479}.Debug|x86.ActiveCfg = Debug|x86
		{CD6EE30B-A26B-4D78-86CC-A9DA0092E479}.Debug|x86.Build.0 = Debug|x86
		{CD6EE30B-A26B-4D78-86CC-A9DA0092E479}.Debug|x86.Deploy.0 = Debug|x86
		{CD6EE30B-A26B-4D78-86CC-A9DA0092E479}.Release|Any CPU.ActiveCfg = Release|x86
		{CD6EE30B-A26B-4D78-86CC-A9DA0092E479}.Release|ARM.ActiveCfg = Release|ARM
		{CD6EE30B-A26B-4D78-86CC-A9DA0092E479}.Release|ARM.Build.0 = Release|ARM
		{CD6EE30B-A26B-4D78-86CC-A9DA0092E479}.Release|ARM.Deploy.0 = Release|ARM
		{CD6EE30B-A26B-4D78-86CC-A9DA0092E479}.Release|iPhone.ActiveCfg = Release|x86
		{CD6EE30B-A26B-4D78-86CC-A9DA0092E479}.Release|iPhoneSimulator.ActiveCfg = Release|x86
		{CD6EE30B-A26B-4D78-86CC-A9DA0092E479}.Release|x64.ActiveCfg = Release|x64
		{CD6EE30B-A26B-4D78-86CC-A9DA0092E479}.Release|x64.Build.0 = Release|x64
		{CD6EE30B-A26B-4D78-86CC-A9DA0092E479}.Release|x64.Deploy.0 = Release|x64
		{CD6EE30B-A26B-4D78-86CC-A9DA0092E479}.Release|x86.ActiveCfg = Release|x86
		{CD6EE30B-A26B-4D78-86CC-A9DA0092E479}.Release|x86.Build.0 = Release|x86
		{CD6EE30B-A26B-4D78-86CC-A9DA0092E479}.Release|x86.Deploy.0 = Release|x86
	EndGlobalSection
	GlobalSection(SolutionProperties) = preSolution
		HideSolutionNode = FALSE
	EndGlobalSection
	GlobalSection(ExtensibilityGlobals) = postSolution
		SolutionGuid = {F6D05029-56B8-4E45-AF2D-0E76295DDBA2}
	EndGlobalSection
EndGlobal
